# THIS IS AN AUTOGENERATED FILE. DO NOT EDIT THIS FILE DIRECTLY.
# yarn lockfile v1


"@types/graphql@^0.9.0":
  version "0.9.1"
  resolved "https://registry.yarnpkg.com/@types/graphql/-/graphql-0.9.1.tgz#b04ebe84bc997cc60dbea2ed4d0d4342c737f99d"

deprecated-decorator@^0.1.6:
  version "0.1.6"
  resolved "https://registry.yarnpkg.com/deprecated-decorator/-/deprecated-decorator-0.1.6.tgz#00966317b7a12fe92f3cc831f7583af329b86c37"

graphql-tools@^0.11.0:
  version "0.11.0"
  resolved "https://registry.yarnpkg.com/graphql-tools/-/graphql-tools-0.11.0.tgz#14c372f6ddad7e63a757094d541a937d6b31b7da"
  dependencies:
    deprecated-decorator "^0.1.6"
    lodash "^4.3.0"
    uuid "^3.0.1"
  optionalDependencies:
    "@types/graphql" "^0.9.0"

graphql@^0.9.5:
  version "0.9.6"
  resolved "https://registry.yarnpkg.com/graphql/-/graphql-0.9.6.tgz#514421e9d225c29dfc8fd305459abae58815ef2c"
  dependencies:
    iterall "^1.0.0"

iterall@^1.0.0:
  version "1.1.1"
  resolved "https://registry.yarnpkg.com/iterall/-/iterall-1.1.1.tgz#f7f0af11e9a04ec6426260f5019d9fcca4d50214"

lodash@^4.3.0:
  version "4.17.4"
  resolved "https://registry.yarnpkg.com/lodash/-/lodash-4.17.4.tgz#78203a4d1c328ae1d86dca6460e369b57f4055ae"

uuid@^3.0.1:
  version "3.0.1"
  resolved "https://registry.yarnpkg.com/uuid/-/uuid-3.0.1.tgz#6544bba2dfda8c1cf17e629a3a305e2bb1fee6c1"
